
Microsoft Visual Studio Solution File, Format Version 12.00
# Visual Studio Version 17
VisualStudioVersion = 17.4.33213.308
MinimumVisualStudioVersion = 10.0.40219.1
Project("{FAE04EC0-301F-11D3-BF4B-00C04F79EFBC}") = "Minecraft_Launcher", "Minecraft_Launcher\Minecraft_Launcher.csproj", "{051D1326-7988-49DE-8EF4-148D92710595}"
EndProject
Global
	GlobalSection(SolutionConfigurationPlatforms) = preSolution
		Debug|Any CPU = Debug|Any CPU
		Release|Any CPU = Release|Any CPU
	EndGlobalSection
	GlobalSection(ProjectConfigurationPlatforms) = postSolution
		{051D1326-7988-49DE-8EF4-148D92710595}.Debug|Any CPU.ActiveCfg = Debug|Any CPU
		{051D1326-7988-49DE-8EF4-148D92710595}.Debug|Any CPU.Build.0 = Debug|Any CPU
		{051D1326-7988-49DE-8EF4-148D92710595}.Release|Any CPU.ActiveCfg = Release|Any CPU
		{051D1326-7988-49DE-8EF4-148D92710595}.Release|Any CPU.Build.0 = Release|Any CPU
	EndGlobalSection
	GlobalSection(SolutionProperties) = preSolution
		HideSolutionNode = FALSE
	EndGlobalSection
	GlobalSection(ExtensibilityGlobals) = postSolution
		SolutionGuid = {7DEE13D4-DA44-4007-A6F8-7AE8BE58F526}
	EndGlobalSection
EndGlobal
